<Solution>
  <Project Path="E COMMERCE Web API/E COMMERCE Web API.csproj" />
  <Project Path="Health Care Web API/Health Care Web API.csproj" Id="5e1da713-f777-4145-a197-0732bc0ff1c0" />
  <Project Path="Library System Web API/Library System Web API.csproj" Id="ca1d7f09-cd3a-4491-9c61-2f5b43fc9cad" />
</Solution>
